// !$*UTF8*$!
{
	archiveVersion = 1;
	classes = {
	};
	objectVersion = 46;
	objects = {

/* Begin PBXBuildFile section */
		2EC1FF971EB6DEA000569D5C /* AppDelegate.swift in Sources */ = {isa = PBXBuildFile; fileRef = 2EC1FF961EB6DEA000569D5C /* AppDelegate.swift */; };
		2EC1FF991EB6DEA000569D5C /* ViewController.swift in Sources */ = {isa = PBXBuildFile; fileRef = 2EC1FF981EB6DEA000569D5C /* ViewController.swift */; };
		2EC1FF9C1EB6DEA000569D5C /* Main.storyboard in Resources */ = {isa = PBXBuildFile; fileRef = 2EC1FF9A1EB6DEA000569D5C /* Main.storyboard */; };
		2EC1FF9E1EB6DEA000569D5C /* Assets.xcassets in Resources */ = {isa = PBXBuildFile; fileRef = 2EC1FF9D1EB6DEA000569D5C /* Assets.xcassets */; };
		2EC1FFA11EB6DEA000569D5C /* LaunchScreen.storyboard in Resources */ = {isa = PBXBuildFile; fileRef = 2EC1FF9F1EB6DEA000569D5C /* LaunchScreen.storyboard */; };
		2EC1FFA91EB6E69C00569D5C /* Story.swift in Sources */ = {isa = PBXBuildFile; fileRef = 2EC1FFA81EB6E69C00569D5C /* Story.swift */; };
		2EC1FFB01EB6EAB700569D5C /* Page.swift in Sources */ = {isa = PBXBuildFile; fileRef = 2EC1FFAF1EB6EAB700569D5C /* Page.swift */; };
		2EC1FFB21EB6F2A300569D5C /* Adventure.swift in Sources */ = {isa = PBXBuildFile; fileRef = 2EC1FFB11EB6F2A300569D5C /* Adventure.swift */; };
/* End PBXBuildFile section */

/* Begin PBXFileReference section */
		2EC1FF931EB6DEA000569D5C /* InteractiveStory.app */ = {isa = PBXFileReference; explicitFileType = wrapper.application; includeInIndex = 0; path = InteractiveStory.app; sourceTree = BUILT_PRODUCTS_DIR; };
		2EC1FF961EB6DEA000569D5C /* AppDelegate.swift */ = {isa = PBXFileReference; lastKnownFileType = sourcecode.swift; path = AppDelegate.swift; sourceTree = "<group>"; };
		2EC1FF981EB6DEA000569D5C /* ViewController.swift */ = {isa = PBXFileReference; lastKnownFileType = sourcecode.swift; path = ViewController.swift; sourceTree = "<group>"; };
		2EC1FF9B1EB6DEA000569D5C /* Base */ = {isa = PBXFileReference; lastKnownFileType = file.storyboard; name = Base; path = Base.lproj/Main.storyboard; sourceTree = "<group>"; };
		2EC1FF9D1EB6DEA000569D5C /* Assets.xcassets */ = {isa = PBXFileReference; lastKnownFileType = folder.assetcatalog; path = Assets.xcassets; sourceTree = "<group>"; };
		2EC1FFA01EB6DEA000569D5C /* Base */ = {isa = PBXFileReference; lastKnownFileType = file.storyboard; name = Base; path = Base.lproj/LaunchScreen.storyboard; sourceTree = "<group>"; };
		2EC1FFA21EB6DEA000569D5C /* Info.plist */ = {isa = PBXFileReference; lastKnownFileType = text.plist.xml; path = Info.plist; sourceTree = "<group>"; };
		2EC1FFA81EB6E69C00569D5C /* Story.swift */ = {isa = PBXFileReference; fileEncoding = 4; lastKnownFileType = sourcecode.swift; path = Story.swift; sourceTree = "<group>"; };
		2EC1FFAF1EB6EAB700569D5C /* Page.swift */ = {isa = PBXFileReference; fileEncoding = 4; lastKnownFileType = sourcecode.swift; path = Page.swift; sourceTree = "<group>"; };
		2EC1FFB11EB6F2A300569D5C /* Adventure.swift */ = {isa = PBXFileReference; fileEncoding = 4; lastKnownFileType = sourcecode.swift; name = Adventure.swift; path = ../Adventure.swift; sourceTree = "<group>"; };
/* End PBXFileReference section */

/* Begin PBXFrameworksBuildPhase section */
		2EC1FF901EB6DEA000569D5C /* Frameworks */ = {
			isa = PBXFrameworksBuildPhase;
			buildActionMask = 2147483647;
			files = (
			);
			runOnlyForDeploymentPostprocessing = 0;
		};
/* End PBXFrameworksBuildPhase section */

/* Begin PBXGroup section */
		2EC1FF8A1EB6DEA000569D5C = {
			isa = PBXGroup;
			children = (
				2EC1FF951EB6DEA000569D5C /* InteractiveStory */,
				2EC1FF941EB6DEA000569D5C /* Products */,
			);
			sourceTree = "<group>";
		};
		2EC1FF941EB6DEA000569D5C /* Products */ = {
			isa = PBXGroup;
			children = (
				2EC1FF931EB6DEA000569D5C /* InteractiveStory.app */,
			);
			name = Products;
			sourceTree = "<group>";
		};
		2EC1FF951EB6DEA000569D5C /* InteractiveStory */ = {
			isa = PBXGroup;
			children = (
				2EC1FFAB1EB6E6B600569D5C /* Views */,
				2EC1FFAD1EB6E6C400569D5C /* View Controllers */,
				2EC1FFAE1EB6E6CB00569D5C /* Models */,
				2EC1FFAC1EB6E6BE00569D5C /* Delegate */,
				2EC1FFAA1EB6E6AA00569D5C /* Supporting Files */,
			);
			path = InteractiveStory;
			sourceTree = "<group>";
		};
		2EC1FFAA1EB6E6AA00569D5C /* Supporting Files */ = {
			isa = PBXGroup;
			children = (
				2EC1FF9D1EB6DEA000569D5C /* Assets.xcassets */,
				2EC1FFA21EB6DEA000569D5C /* Info.plist */,
			);
			name = "Supporting Files";
			sourceTree = "<group>";
		};
		2EC1FFAB1EB6E6B600569D5C /* Views */ = {
			isa = PBXGroup;
			children = (
				2EC1FF9A1EB6DEA000569D5C /* Main.storyboard */,
				2EC1FF9F1EB6DEA000569D5C /* LaunchScreen.storyboard */,
			);
			name = Views;
			sourceTree = "<group>";
		};
		2EC1FFAC1EB6E6BE00569D5C /* Delegate */ = {
			isa = PBXGroup;
			children = (
				2EC1FF961EB6DEA000569D5C /* AppDelegate.swift */,
			);
			name = Delegate;
			sourceTree = "<group>";
		};
		2EC1FFAD1EB6E6C400569D5C /* View Controllers */ = {
			isa = PBXGroup;
			children = (
				2EC1FF981EB6DEA000569D5C /* ViewController.swift */,
			);
			name = "View Controllers";
			sourceTree = "<group>";
		};
		2EC1FFAE1EB6E6CB00569D5C /* Models */ = {
			isa = PBXGroup;
			children = (
				2EC1FFA81EB6E69C00569D5C /* Story.swift */,
				2EC1FFAF1EB6EAB700569D5C /* Page.swift */,
				2EC1FFB11EB6F2A300569D5C /* Adventure.swift */,
			);
			name = Models;
			sourceTree = "<group>";
		};
/* End PBXGroup section */

/* Begin PBXNativeTarget section */
		2EC1FF921EB6DEA000569D5C /* InteractiveStory */ = {
			isa = PBXNativeTarget;
			buildConfigurationList = 2EC1FFA51EB6DEA000569D5C /* Build configuration list for PBXNativeTarget "InteractiveStory" */;
			buildPhases = (
				2EC1FF8F1EB6DEA000569D5C /* Sources */,
				2EC1FF901EB6DEA000569D5C /* Frameworks */,
				2EC1FF911EB6DEA000569D5C /* Resources */,
			);
			buildRules = (
			);
			dependencies = (
			);
			name = InteractiveStory;
			productName = InteractiveStory;
			productReference = 2EC1FF931EB6DEA000569D5C /* InteractiveStory.app */;
			productType = "com.apple.product-type.application";
		};
/* End PBXNativeTarget section */

/* Begin PBXProject section */
		2EC1FF8B1EB6DEA000569D5C /* Project object */ = {
			isa = PBXProject;
			attributes = {
				LastSwiftUpdateCheck = 0830;
				LastUpgradeCheck = 0830;
				ORGANIZATIONNAME = "David Anglin";
				TargetAttributes = {
					2EC1FF921EB6DEA000569D5C = {
						CreatedOnToolsVersion = 8.3.2;
						DevelopmentTeam = 98KAY253SB;
						ProvisioningStyle = Automatic;
					};
				};
			};
			buildConfigurationList = 2EC1FF8E1EB6DEA000569D5C /* Build configuration list for PBXProject "InteractiveStory" */;
			compatibilityVersion = "Xcode 3.2";
			developmentRegion = English;
			hasScannedForEncodings = 0;
			knownRegions = (
				en,
				Base,
			);
			mainGroup = 2EC1FF8A1EB6DEA000569D5C;
			productRefGroup = 2EC1FF941EB6DEA000569D5C /* Products */;
			projectDirPath = "";
			projectRoot = "";
			targets = (
				2EC1FF921EB6DEA000569D5C /* InteractiveStory */,
			);
		};
/* End PBXProject section */

/* Begin PBXResourcesBuildPhase section */
		2EC1FF911EB6DEA000569D5C /* Resources */ = {
			isa = PBXResourcesBuildPhase;
			buildActionMask = 2147483647;
			files = (
				2EC1FFA11EB6DEA000569D5C /* LaunchScreen.storyboard in Resources */,
				2EC1FF9E1EB6DEA000569D5C /* Assets.xcassets in Resources */,
				2EC1FF9C1EB6DEA000569D5C /* Main.storyboard in Resources */,
			);
			runOnlyForDeploymentPostprocessing = 0;
		};
/* End PBXResourcesBuildPhase section */

/* Begin PBXSourcesBuildPhase section */
		2EC1FF8F1EB6DEA000569D5C /* Sources */ = {
			isa = PBXSourcesBuildPhase;
			buildActionMask = 2147483647;
			files = (
				2EC1FF991EB6DEA000569D5C /* ViewController.swift in Sources */,
				2EC1FF971EB6DEA000569D5C /* AppDelegate.swift in Sources */,
				2EC1FFB01EB6EAB700569D5C /* Page.swift in Sources */,
				2EC1FFB21EB6F2A300569D5C /* Adventure.swift in Sources */,
				2EC1FFA91EB6E69C00569D5C /* Story.swift in Sources */,
			);
			runOnlyForDeploymentPostprocessing = 0;
		};
/* End PBXSourcesBuildPhase section */

/* Begin PBXVariantGroup section */
		2EC1FF9A1EB6DEA000569D5C /* Main.storyboard */ = {
			isa = PBXVariantGroup;
			children = (
				2EC1FF9B1EB6DEA000569D5C /* Base */,
			);
			name = Main.storyboard;
			sourceTree = "<group>";
		};
		2EC1FF9F1EB6DEA000569D5C /* LaunchScreen.storyboard */ = {
			isa = PBXVariantGroup;
			children = (
				2EC1FFA01EB6DEA000569D5C /* Base */,
			);
			name = LaunchScreen.storyboard;
			sourceTree = "<group>";
		};
/* End PBXVariantGroup section */

/* Begin XCBuildConfiguration section */
		2EC1FFA31EB6DEA000569D5C /* Debug */ = {
			isa = XCBuildConfiguration;
			buildSettings = {
				ALWAYS_SEARCH_USER_PATHS = NO;
				CLANG_ANALYZER_NONNULL = YES;
				CLANG_ANALYZER_NUMBER_OBJECT_CONVERSION = YES_AGGRESSIVE;
				CLANG_CXX_LANGUAGE_STANDARD = "gnu++0x";
				CLANG_CXX_LIBRARY = "libc++";
				CLANG_ENABLE_MODULES = YES;
				CLANG_ENABLE_OBJC_ARC = YES;
				CLANG_WARN_BOOL_CONVERSION = YES;
				CLANG_WARN_CONSTANT_CONVERSION = YES;
				CLANG_WARN_DIRECT_OBJC_ISA_USAGE = YES_ERROR;
				CLANG_WARN_DOCUMENTATION_COMMENTS = YES;
				CLANG_WARN_EMPTY_BODY = YES;
				CLANG_WARN_ENUM_CONVERSION = YES;
				CLANG_WARN_INFINITE_RECURSION = YES;
				CLANG_WARN_INT_CONVERSION = YES;
				CLANG_WARN_OBJC_ROOT_CLASS = YES_ERROR;
				CLANG_WARN_SUSPICIOUS_MOVE = YES;
				CLANG_WARN_UNREACHABLE_CODE = YES;
				CLANG_WARN__DUPLICATE_METHOD_MATCH = YES;
				"CODE_SIGN_IDENTITY[sdk=iphoneos*]" = "iPhone Developer";
				COPY_PHASE_STRIP = NO;
				DEBUG_INFORMATION_FORMAT = dwarf;
				ENABLE_STRICT_OBJC_MSGSEND = YES;
				ENABLE_TESTABILITY = YES;
				GCC_C_LANGUAGE_STANDARD = gnu99;
				GCC_DYNAMIC_NO_PIC = NO;
				GCC_NO_COMMON_BLOCKS = YES;
				GCC_OPTIMIZATION_LEVEL = 0;
				GCC_PREPROCESSOR_DEFINITIONS = (
					"DEBUG=1",
					"$(inherited)",
				);
				GCC_WARN_64_TO_32_BIT_CONVERSION = YES;
				GCC_WARN_ABOUT_RETURN_TYPE = YES_ERROR;
				GCC_WARN_UNDECLARED_SELECTOR = YES;
				GCC_WARN_UNINITIALIZED_AUTOS = YES_AGGRESSIVE;
				GCC_WARN_UNUSED_FUNCTION = YES;
				GCC_WARN_UNUSED_VARIABLE = YES;
				IPHONEOS_DEPLOYMENT_TARGET = 10.3;
				MTL_ENABLE_DEBUG_INFO = YES;
				ONLY_ACTIVE_ARCH = YES;
				SDKROOT = iphoneos;
				SWIFT_ACTIVE_COMPILATION_CONDITIONS = DEBUG;
				SWIFT_OPTIMIZATION_LEVEL = "-Onone";
			};
			name = Debug;
		};
		2EC1FFA41EB6DEA000569D5C /* Release */ = {
			isa = XCBuildConfiguration;
			buildSettings = {
				ALWAYS_SEARCH_USER_PATHS = NO;
				CLANG_ANALYZER_NONNULL = YES;
				CLANG_ANALYZER_NUMBER_OBJECT_CONVERSION = YES_AGGRESSIVE;
				CLANG_CXX_LANGUAGE_STANDARD = "gnu++0x";
				CLANG_CXX_LIBRARY = "libc++";
				CLANG_ENABLE_MODULES = YES;
				CLANG_ENABLE_OBJC_ARC = YES;
				CLANG_WARN_BOOL_CONVERSION = YES;
				CLANG_WARN_CONSTANT_CONVERSION = YES;
				CLANG_WARN_DIRECT_OBJC_ISA_USAGE = YES_ERROR;
				CLANG_WARN_DOCUMENTATION_COMMENTS = YES;
				CLANG_WARN_EMPTY_BODY = YES;
				CLANG_WARN_ENUM_CONVERSION = YES;
				CLANG_WARN_INFINITE_RECURSION = YES;
				CLANG_WARN_INT_CONVERSION = YES;
				CLANG_WARN_OBJC_ROOT_CLASS = YES_ERROR;
				CLANG_WARN_SUSPICIOUS_MOVE = YES;
				CLANG_WARN_UNREACHABLE_CODE = YES;
				CLANG_WARN__DUPLICATE_METHOD_MATCH = YES;
				"CODE_SIGN_IDENTITY[sdk=iphoneos*]" = "iPhone Developer";
				COPY_PHASE_STRIP = NO;
				DEBUG_INFORMATION_FORMAT = "dwarf-with-dsym";
				ENABLE_NS_ASSERTIONS = NO;
				ENABLE_STRICT_OBJC_MSGSEND = YES;
				GCC_C_LANGUAGE_STANDARD = gnu99;
				GCC_NO_COMMON_BLOCKS = YES;
				GCC_WARN_64_TO_32_BIT_CONVERSION = YES;
				GCC_WARN_ABOUT_RETURN_TYPE = YES_ERROR;
				GCC_WARN_UNDECLARED_SELECTOR = YES;
				GCC_WARN_UNINITIALIZED_AUTOS = YES_AGGRESSIVE;
				GCC_WARN_UNUSED_FUNCTION = YES;
				GCC_WARN_UNUSED_VARIABLE = YES;
				IPHONEOS_DEPLOYMENT_TARGET = 10.3;
				MTL_ENABLE_DEBUG_INFO = NO;
				SDKROOT = iphoneos;
				SWIFT_OPTIMIZATION_LEVEL = "-Owholemodule";
				VALIDATE_PRODUCT = YES;
			};
			name = Release;
		};
		2EC1FFA61EB6DEA000569D5C /* Debug */ = {
			isa = XCBuildConfiguration;
			buildSettings = {
				ASSETCATALOG_COMPILER_APPICON_NAME = AppIcon;
				ASSETCATALOG_COMPILER_LAUNCHIMAGE_NAME = "LaunchImage-2";
				DEVELOPMENT_TEAM = 98KAY253SB;
				INFOPLIST_FILE = InteractiveStory/Info.plist;
				LD_RUNPATH_SEARCH_PATHS = "$(inherited) @executable_path/Frameworks";
				PRODUCT_BUNDLE_IDENTIFIER = com.davidanglin.InteractiveStory;
				PRODUCT_NAME = "$(TARGET_NAME)";
				SWIFT_VERSION = 3.0;
			};
			name = Debug;
		};
		2EC1FFA71EB6DEA000569D5C /* Release */ = {
			isa = XCBuildConfiguration;
			buildSettings = {
				ASSETCATALOG_COMPILER_APPICON_NAME = AppIcon;
				ASSETCATALOG_COMPILER_LAUNCHIMAGE_NAME = "LaunchImage-2";
				DEVELOPMENT_TEAM = 98KAY253SB;
				INFOPLIST_FILE = InteractiveStory/Info.plist;
				LD_RUNPATH_SEARCH_PATHS = "$(inherited) @executable_path/Frameworks";
				PRODUCT_BUNDLE_IDENTIFIER = com.davidanglin.InteractiveStory;
				PRODUCT_NAME = "$(TARGET_NAME)";
				SWIFT_VERSION = 3.0;
			};
			name = Release;
		};
/* End XCBuildConfiguration section */

/* Begin XCConfigurationList section */
		2EC1FF8E1EB6DEA000569D5C /* Build configuration list for PBXProject "InteractiveStory" */ = {
			isa = XCConfigurationList;
			buildConfigurations = (
				2EC1FFA31EB6DEA000569D5C /* Debug */,
				2EC1FFA41EB6DEA000569D5C /* Release */,
			);
			defaultConfigurationIsVisible = 0;
			defaultConfigurationName = Release;
		};
		2EC1FFA51EB6DEA000569D5C /* Build configuration list for PBXNativeTarget "InteractiveStory" */ = {
			isa = XCConfigurationList;
			buildConfigurations = (
				2EC1FFA61EB6DEA000569D5C /* Debug */,
				2EC1FFA71EB6DEA000569D5C /* Release */,
			);
			defaultConfigurationIsVisible = 0;
		};
/* End XCConfigurationList section */
	};
	rootObject = 2EC1FF8B1EB6DEA000569D5C /* Project object */;
}
